// !$*UTF8*$!
{
	archiveVersion = 1;
	classes = {
	};
	objectVersion = 56;
	objects = {

/* Begin PBXBuildFile section */
		7F9B48B02AAF59250040F8FE /* EditYourWeponViewController.swift in Sources */ = {isa = PBXBuildFile; fileRef = 7F9B48AF2AAF59250040F8FE /* EditYourWeponViewController.swift */; };
		7F9B48B22AAF59410040F8FE /* SeachMemberViewController.swift in Sources */ = {isa = PBXBuildFile; fileRef = 7F9B48B12AAF59410040F8FE /* SeachMemberViewController.swift */; };
		7F9B48B42AAF59600040F8FE /* SeachAreaViewController.swift in Sources */ = {isa = PBXBuildFile; fileRef = 7F9B48B32AAF59600040F8FE /* SeachAreaViewController.swift */; };
		7F9B48B62AAF597E0040F8FE /* MakeTeamViewController.swift in Sources */ = {isa = PBXBuildFile; fileRef = 7F9B48B52AAF597E0040F8FE /* MakeTeamViewController.swift */; };
		7F9B48B82AAF599F0040F8FE /* PostInfoViewController.swift in Sources */ = {isa = PBXBuildFile; fileRef = 7F9B48B72AAF599F0040F8FE /* PostInfoViewController.swift */; };
		7F9B48BA2AAF5AF90040F8FE /* EntryViewController.swift in Sources */ = {isa = PBXBuildFile; fileRef = 7F9B48B92AAF5AF90040F8FE /* EntryViewController.swift */; };
		7F9B48BC2AAF5CFF0040F8FE /* OpeningViewController.swift in Sources */ = {isa = PBXBuildFile; fileRef = 7F9B48BB2AAF5CFF0040F8FE /* OpeningViewController.swift */; };
		7F9B48BE2AAF5D520040F8FE /* RegisterViewController.swift in Sources */ = {isa = PBXBuildFile; fileRef = 7F9B48BD2AAF5D520040F8FE /* RegisterViewController.swift */; };
		7F9B48C02AAF5DA00040F8FE /* MainScreenViewController.swift in Sources */ = {isa = PBXBuildFile; fileRef = 7F9B48BF2AAF5DA00040F8FE /* MainScreenViewController.swift */; };
		7F9B48C32AAF7C950040F8FE /* IQKeyboardManagerSwift in Frameworks */ = {isa = PBXBuildFile; productRef = 7F9B48C22AAF7C950040F8FE /* IQKeyboardManagerSwift */; };
		7F9B48C52AAFF4270040F8FE /* GoogleService-Info.plist in Resources */ = {isa = PBXBuildFile; fileRef = 7F9B48C42AAFF4270040F8FE /* GoogleService-Info.plist */; };
		7F9B48CF2AAFFF090040F8FE /* FirebaseAuth in Frameworks */ = {isa = PBXBuildFile; productRef = 7F9B48CE2AAFFF090040F8FE /* FirebaseAuth */; };
		7F9B48D12AAFFF090040F8FE /* FirebaseDatabase in Frameworks */ = {isa = PBXBuildFile; productRef = 7F9B48D02AAFFF090040F8FE /* FirebaseDatabase */; };
		7F9B48D32AAFFF090040F8FE /* FirebaseStorage in Frameworks */ = {isa = PBXBuildFile; productRef = 7F9B48D22AAFFF090040F8FE /* FirebaseStorage */; };
		7F9B48D52AB0755A0040F8FE /* NextViewController.swift in Sources */ = {isa = PBXBuildFile; fileRef = 7F9B48D42AB0755A0040F8FE /* NextViewController.swift */; };
		7F9B48D72AB0758C0040F8FE /* EditAndPostViewController.swift in Sources */ = {isa = PBXBuildFile; fileRef = 7F9B48D62AB0758C0040F8FE /* EditAndPostViewController.swift */; };
		7F9B48DA2AB075D60040F8FE /* Kingfisher in Frameworks */ = {isa = PBXBuildFile; productRef = 7F9B48D92AB075D60040F8FE /* Kingfisher */; };
		7F9B48DC2AB076960040F8FE /* Contents.swift in Sources */ = {isa = PBXBuildFile; fileRef = 7F9B48DB2AB076960040F8FE /* Contents.swift */; };
		7FBEC3572AB59F1E001B9FED /* 門を開ける.mp3 in Resources */ = {isa = PBXBuildFile; fileRef = 7FBEC3562AB59F1E001B9FED /* 門を開ける.mp3 */; };
		7FE03C052AB421BC007828E2 /* Come_On.mp3 in Resources */ = {isa = PBXBuildFile; fileRef = 7FE03C042AB421BC007828E2 /* Come_On.mp3 */; };
		7FE03C092AB44395007828E2 /* ショットガン発射.mp3 in Resources */ = {isa = PBXBuildFile; fileRef = 7FE03C082AB44395007828E2 /* ショットガン発射.mp3 */; };
		7FE03C0B2AB444A5007828E2 /* ショットガンのポンプアクション1.mp3 in Resources */ = {isa = PBXBuildFile; fileRef = 7FE03C0A2AB444A5007828E2 /* ショットガンのポンプアクション1.mp3 */; };
		7FE03C0D2AB4483C007828E2 /* animeViewController.swift in Sources */ = {isa = PBXBuildFile; fileRef = 7FE03C0C2AB4483B007828E2 /* animeViewController.swift */; };
		7FE03C152AB5305D007828E2 /* 銃痕2_smg.mp4 in Resources */ = {isa = PBXBuildFile; fileRef = 7FE03C142AB5304B007828E2 /* 銃痕2_smg.mp4 */; };
		ECB74C3A2AB571E00046530F /* showWeponViewController.swift in Sources */ = {isa = PBXBuildFile; fileRef = ECB74C392AB571E00046530F /* showWeponViewController.swift */; };
		ECC0E0C62AAEBCE80033847F /* AppDelegate.swift in Sources */ = {isa = PBXBuildFile; fileRef = ECC0E0C52AAEBCE80033847F /* AppDelegate.swift */; };
		ECC0E0C82AAEBCE80033847F /* SceneDelegate.swift in Sources */ = {isa = PBXBuildFile; fileRef = ECC0E0C72AAEBCE80033847F /* SceneDelegate.swift */; };
		ECC0E0CA2AAEBCE80033847F /* ViewController.swift in Sources */ = {isa = PBXBuildFile; fileRef = ECC0E0C92AAEBCE80033847F /* ViewController.swift */; };
		ECC0E0CD2AAEBCE80033847F /* Main.storyboard in Resources */ = {isa = PBXBuildFile; fileRef = ECC0E0CB2AAEBCE80033847F /* Main.storyboard */; };
		ECC0E0CF2AAEBCEB0033847F /* Assets.xcassets in Resources */ = {isa = PBXBuildFile; fileRef = ECC0E0CE2AAEBCEB0033847F /* Assets.xcassets */; };
		ECC0E0D22AAEBCEB0033847F /* LaunchScreen.storyboard in Resources */ = {isa = PBXBuildFile; fileRef = ECC0E0D02AAEBCEB0033847F /* LaunchScreen.storyboard */; };
		ECC0E0DD2AAEBCEB0033847F /* Bu11etBuddies_protoTests.swift in Sources */ = {isa = PBXBuildFile; fileRef = ECC0E0DC2AAEBCEB0033847F /* Bu11etBuddies_protoTests.swift */; };
		ECC0E0E72AAEBCEB0033847F /* Bu11etBuddies_protoUITests.swift in Sources */ = {isa = PBXBuildFile; fileRef = ECC0E0E62AAEBCEB0033847F /* Bu11etBuddies_protoUITests.swift */; };
		ECC0E0E92AAEBCEB0033847F /* Bu11etBuddies_protoUITestsLaunchTests.swift in Sources */ = {isa = PBXBuildFile; fileRef = ECC0E0E82AAEBCEB0033847F /* Bu11etBuddies_protoUITestsLaunchTests.swift */; };
/* End PBXBuildFile section */

/* Begin PBXContainerItemProxy section */
		ECC0E0D92AAEBCEB0033847F /* PBXContainerItemProxy */ = {
			isa = PBXContainerItemProxy;
			containerPortal = ECC0E0BA2AAEBCE80033847F /* Project object */;
			proxyType = 1;
			remoteGlobalIDString = ECC0E0C12AAEBCE80033847F;
			remoteInfo = Bu11etBuddies_proto;
		};
		ECC0E0E32AAEBCEB0033847F /* PBXContainerItemProxy */ = {
			isa = PBXContainerItemProxy;
			containerPortal = ECC0E0BA2AAEBCE80033847F /* Project object */;
			proxyType = 1;
			remoteGlobalIDString = ECC0E0C12AAEBCE80033847F;
			remoteInfo = Bu11etBuddies_proto;
		};
/* End PBXContainerItemProxy section */

/* Begin PBXFileReference section */
		7F9B48AF2AAF59250040F8FE /* EditYourWeponViewController.swift */ = {isa = PBXFileReference; lastKnownFileType = sourcecode.swift; path = EditYourWeponViewController.swift; sourceTree = "<group>"; };
		7F9B48B12AAF59410040F8FE /* SeachMemberViewController.swift */ = {isa = PBXFileReference; lastKnownFileType = sourcecode.swift; path = SeachMemberViewController.swift; sourceTree = "<group>"; };
		7F9B48B32AAF59600040F8FE /* SeachAreaViewController.swift */ = {isa = PBXFileReference; lastKnownFileType = sourcecode.swift; path = SeachAreaViewController.swift; sourceTree = "<group>"; };
		7F9B48B52AAF597E0040F8FE /* MakeTeamViewController.swift */ = {isa = PBXFileReference; lastKnownFileType = sourcecode.swift; path = MakeTeamViewController.swift; sourceTree = "<group>"; };
		7F9B48B72AAF599F0040F8FE /* PostInfoViewController.swift */ = {isa = PBXFileReference; lastKnownFileType = sourcecode.swift; path = PostInfoViewController.swift; sourceTree = "<group>"; };
		7F9B48B92AAF5AF90040F8FE /* EntryViewController.swift */ = {isa = PBXFileReference; lastKnownFileType = sourcecode.swift; path = EntryViewController.swift; sourceTree = "<group>"; };
		7F9B48BB2AAF5CFF0040F8FE /* OpeningViewController.swift */ = {isa = PBXFileReference; lastKnownFileType = sourcecode.swift; path = OpeningViewController.swift; sourceTree = "<group>"; };
		7F9B48BD2AAF5D520040F8FE /* RegisterViewController.swift */ = {isa = PBXFileReference; lastKnownFileType = sourcecode.swift; path = RegisterViewController.swift; sourceTree = "<group>"; };
		7F9B48BF2AAF5DA00040F8FE /* MainScreenViewController.swift */ = {isa = PBXFileReference; lastKnownFileType = sourcecode.swift; path = MainScreenViewController.swift; sourceTree = "<group>"; };
		7F9B48C42AAFF4270040F8FE /* GoogleService-Info.plist */ = {isa = PBXFileReference; fileEncoding = 4; lastKnownFileType = text.plist.xml; path = "GoogleService-Info.plist"; sourceTree = "<group>"; };
		7F9B48D42AB0755A0040F8FE /* NextViewController.swift */ = {isa = PBXFileReference; lastKnownFileType = sourcecode.swift; path = NextViewController.swift; sourceTree = "<group>"; };
		7F9B48D62AB0758C0040F8FE /* EditAndPostViewController.swift */ = {isa = PBXFileReference; lastKnownFileType = sourcecode.swift; path = EditAndPostViewController.swift; sourceTree = "<group>"; };
		7F9B48DB2AB076960040F8FE /* Contents.swift */ = {isa = PBXFileReference; lastKnownFileType = sourcecode.swift; path = Contents.swift; sourceTree = "<group>"; };
		7FBEC3562AB59F1E001B9FED /* 門を開ける.mp3 */ = {isa = PBXFileReference; lastKnownFileType = audio.mp3; path = "門を開ける.mp3"; sourceTree = "<group>"; };
		7FE03C042AB421BC007828E2 /* Come_On.mp3 */ = {isa = PBXFileReference; lastKnownFileType = audio.mp3; path = Come_On.mp3; sourceTree = "<group>"; };
		7FE03C082AB44395007828E2 /* ショットガン発射.mp3 */ = {isa = PBXFileReference; lastKnownFileType = audio.mp3; path = "ショットガン発射.mp3"; sourceTree = "<group>"; };
		7FE03C0A2AB444A5007828E2 /* ショットガンのポンプアクション1.mp3 */ = {isa = PBXFileReference; lastKnownFileType = audio.mp3; path = "ショットガンのポンプアクション1.mp3"; sourceTree = "<group>"; };
		7FE03C0C2AB4483B007828E2 /* animeViewController.swift */ = {isa = PBXFileReference; lastKnownFileType = sourcecode.swift; path = animeViewController.swift; sourceTree = "<group>"; };
		7FE03C142AB5304B007828E2 /* 銃痕2_smg.mp4 */ = {isa = PBXFileReference; lastKnownFileType = file; path = "銃痕2_smg.mp4"; sourceTree = "<group>"; };
		ECB74C392AB571E00046530F /* showWeponViewController.swift */ = {isa = PBXFileReference; lastKnownFileType = sourcecode.swift; path = showWeponViewController.swift; sourceTree = "<group>"; };
		ECC0E0C22AAEBCE80033847F /* Bu11etBuddies_proto.app */ = {isa = PBXFileReference; explicitFileType = wrapper.application; includeInIndex = 0; path = Bu11etBuddies_proto.app; sourceTree = BUILT_PRODUCTS_DIR; };
		ECC0E0C52AAEBCE80033847F /* AppDelegate.swift */ = {isa = PBXFileReference; lastKnownFileType = sourcecode.swift; path = AppDelegate.swift; sourceTree = "<group>"; };
		ECC0E0C72AAEBCE80033847F /* SceneDelegate.swift */ = {isa = PBXFileReference; lastKnownFileType = sourcecode.swift; path = SceneDelegate.swift; sourceTree = "<group>"; };
		ECC0E0C92AAEBCE80033847F /* ViewController.swift */ = {isa = PBXFileReference; lastKnownFileType = sourcecode.swift; path = ViewController.swift; sourceTree = "<group>"; };
		ECC0E0CC2AAEBCE80033847F /* Base */ = {isa = PBXFileReference; lastKnownFileType = file.storyboard; name = Base; path = Base.lproj/Main.storyboard; sourceTree = "<group>"; };
		ECC0E0CE2AAEBCEB0033847F /* Assets.xcassets */ = {isa = PBXFileReference; lastKnownFileType = folder.assetcatalog; path = Assets.xcassets; sourceTree = "<group>"; };
		ECC0E0D12AAEBCEB0033847F /* Base */ = {isa = PBXFileReference; lastKnownFileType = file.storyboard; name = Base; path = Base.lproj/LaunchScreen.storyboard; sourceTree = "<group>"; };
		ECC0E0D32AAEBCEB0033847F /* Info.plist */ = {isa = PBXFileReference; lastKnownFileType = text.plist.xml; path = Info.plist; sourceTree = "<group>"; };
		ECC0E0D82AAEBCEB0033847F /* Bu11etBuddies_protoTests.xctest */ = {isa = PBXFileReference; explicitFileType = wrapper.cfbundle; includeInIndex = 0; path = Bu11etBuddies_protoTests.xctest; sourceTree = BUILT_PRODUCTS_DIR; };
		ECC0E0DC2AAEBCEB0033847F /* Bu11etBuddies_protoTests.swift */ = {isa = PBXFileReference; lastKnownFileType = sourcecode.swift; path = Bu11etBuddies_protoTests.swift; sourceTree = "<group>"; };
		ECC0E0E22AAEBCEB0033847F /* Bu11etBuddies_protoUITests.xctest */ = {isa = PBXFileReference; explicitFileType = wrapper.cfbundle; includeInIndex = 0; path = Bu11etBuddies_protoUITests.xctest; sourceTree = BUILT_PRODUCTS_DIR; };
		ECC0E0E62AAEBCEB0033847F /* Bu11etBuddies_protoUITests.swift */ = {isa = PBXFileReference; lastKnownFileType = sourcecode.swift; path = Bu11etBuddies_protoUITests.swift; sourceTree = "<group>"; };
		ECC0E0E82AAEBCEB0033847F /* Bu11etBuddies_protoUITestsLaunchTests.swift */ = {isa = PBXFileReference; lastKnownFileType = sourcecode.swift; path = Bu11etBuddies_protoUITestsLaunchTests.swift; sourceTree = "<group>"; };
/* End PBXFileReference section */

/* Begin PBXFrameworksBuildPhase section */
		ECC0E0BF2AAEBCE80033847F /* Frameworks */ = {
			isa = PBXFrameworksBuildPhase;
			buildActionMask = 2147483647;
			files = (
				7F9B48D12AAFFF090040F8FE /* FirebaseDatabase in Frameworks */,
				7F9B48D32AAFFF090040F8FE /* FirebaseStorage in Frameworks */,
				7F9B48C32AAF7C950040F8FE /* IQKeyboardManagerSwift in Frameworks */,
				7F9B48CF2AAFFF090040F8FE /* FirebaseAuth in Frameworks */,
				7F9B48DA2AB075D60040F8FE /* Kingfisher in Frameworks */,
			);
			runOnlyForDeploymentPostprocessing = 0;
		};
		ECC0E0D52AAEBCEB0033847F /* Frameworks */ = {
			isa = PBXFrameworksBuildPhase;
			buildActionMask = 2147483647;
			files = (
			);
			runOnlyForDeploymentPostprocessing = 0;
		};
		ECC0E0DF2AAEBCEB0033847F /* Frameworks */ = {
			isa = PBXFrameworksBuildPhase;
			buildActionMask = 2147483647;
			files = (
			);
			runOnlyForDeploymentPostprocessing = 0;
		};
/* End PBXFrameworksBuildPhase section */

/* Begin PBXGroup section */
		7FE03C032AB42191007828E2 /* New Group */ = {
			isa = PBXGroup;
			children = (
				7FE03C142AB5304B007828E2 /* 銃痕2_smg.mp4 */,
				7FBEC3562AB59F1E001B9FED /* 門を開ける.mp3 */,
				7FE03C0A2AB444A5007828E2 /* ショットガンのポンプアクション1.mp3 */,
				7FE03C082AB44395007828E2 /* ショットガン発射.mp3 */,
				7FE03C042AB421BC007828E2 /* Come_On.mp3 */,
			);
			path = "New Group";
			sourceTree = "<group>";
		};
		ECC0E0B92AAEBCE80033847F = {
			isa = PBXGroup;
			children = (
				7FE03C032AB42191007828E2 /* New Group */,
				ECC0E0C42AAEBCE80033847F /* Bu11etBuddies_proto */,
				ECC0E0DB2AAEBCEB0033847F /* Bu11etBuddies_protoTests */,
				ECC0E0E52AAEBCEB0033847F /* Bu11etBuddies_protoUITests */,
				ECC0E0C32AAEBCE80033847F /* Products */,
			);
			sourceTree = "<group>";
		};
		ECC0E0C32AAEBCE80033847F /* Products */ = {
			isa = PBXGroup;
			children = (
				ECC0E0C22AAEBCE80033847F /* Bu11etBuddies_proto.app */,
				ECC0E0D82AAEBCEB0033847F /* Bu11etBuddies_protoTests.xctest */,
				ECC0E0E22AAEBCEB0033847F /* Bu11etBuddies_protoUITests.xctest */,
			);
			name = Products;
			sourceTree = "<group>";
		};
		ECC0E0C42AAEBCE80033847F /* Bu11etBuddies_proto */ = {
			isa = PBXGroup;
			children = (
				ECC0E0C52AAEBCE80033847F /* AppDelegate.swift */,
				ECC0E0C72AAEBCE80033847F /* SceneDelegate.swift */,
				ECC0E0C92AAEBCE80033847F /* ViewController.swift */,
				7FE03C0C2AB4483B007828E2 /* animeViewController.swift */,
				7F9B48BB2AAF5CFF0040F8FE /* OpeningViewController.swift */,
				7F9B48BD2AAF5D520040F8FE /* RegisterViewController.swift */,
				7F9B48BF2AAF5DA00040F8FE /* MainScreenViewController.swift */,
				7F9B48AF2AAF59250040F8FE /* EditYourWeponViewController.swift */,
				7F9B48B12AAF59410040F8FE /* SeachMemberViewController.swift */,
				7F9B48B32AAF59600040F8FE /* SeachAreaViewController.swift */,
				7F9B48B52AAF597E0040F8FE /* MakeTeamViewController.swift */,
				7F9B48B72AAF599F0040F8FE /* PostInfoViewController.swift */,
				7F9B48D42AB0755A0040F8FE /* NextViewController.swift */,
				7F9B48D62AB0758C0040F8FE /* EditAndPostViewController.swift */,
				ECB74C392AB571E00046530F /* showWeponViewController.swift */,
				7F9B48B92AAF5AF90040F8FE /* EntryViewController.swift */,
				ECC0E0CB2AAEBCE80033847F /* Main.storyboard */,
				7F9B48DB2AB076960040F8FE /* Contents.swift */,
				ECC0E0CE2AAEBCEB0033847F /* Assets.xcassets */,
				ECC0E0D02AAEBCEB0033847F /* LaunchScreen.storyboard */,
				ECC0E0D32AAEBCEB0033847F /* Info.plist */,
				7F9B48C42AAFF4270040F8FE /* GoogleService-Info.plist */,
			);
			path = Bu11etBuddies_proto;
			sourceTree = "<group>";
		};
		ECC0E0DB2AAEBCEB0033847F /* Bu11etBuddies_protoTests */ = {
			isa = PBXGroup;
			children = (
				ECC0E0DC2AAEBCEB0033847F /* Bu11etBuddies_protoTests.swift */,
			);
			path = Bu11etBuddies_protoTests;
			sourceTree = "<group>";
		};
		ECC0E0E52AAEBCEB0033847F /* Bu11etBuddies_protoUITests */ = {
			isa = PBXGroup;
			children = (
				ECC0E0E62AAEBCEB0033847F /* Bu11etBuddies_protoUITests.swift */,
				ECC0E0E82AAEBCEB0033847F /* Bu11etBuddies_protoUITestsLaunchTests.swift */,
			);
			path = Bu11etBuddies_protoUITests;
			sourceTree = "<group>";
		};
/* End PBXGroup section */

/* Begin PBXNativeTarget section */
		ECC0E0C12AAEBCE80033847F /* Bu11etBuddies_proto */ = {
			isa = PBXNativeTarget;
			buildConfigurationList = ECC0E0EC2AAEBCEB0033847F /* Build configuration list for PBXNativeTarget "Bu11etBuddies_proto" */;
			buildPhases = (
				ECC0E0BE2AAEBCE80033847F /* Sources */,
				ECC0E0BF2AAEBCE80033847F /* Frameworks */,
				ECC0E0C02AAEBCE80033847F /* Resources */,
			);
			buildRules = (
			);
			dependencies = (
			);
			name = Bu11etBuddies_proto;
			packageProductDependencies = (
				7F9B48C22AAF7C950040F8FE /* IQKeyboardManagerSwift */,
				7F9B48CE2AAFFF090040F8FE /* FirebaseAuth */,
				7F9B48D02AAFFF090040F8FE /* FirebaseDatabase */,
				7F9B48D22AAFFF090040F8FE /* FirebaseStorage */,
				7F9B48D92AB075D60040F8FE /* Kingfisher */,
			);
			productName = Bu11etBuddies_proto;
			productReference = ECC0E0C22AAEBCE80033847F /* Bu11etBuddies_proto.app */;
			productType = "com.apple.product-type.application";
		};
		ECC0E0D72AAEBCEB0033847F /* Bu11etBuddies_protoTests */ = {
			isa = PBXNativeTarget;
			buildConfigurationList = ECC0E0EF2AAEBCEB0033847F /* Build configuration list for PBXNativeTarget "Bu11etBuddies_protoTests" */;
			buildPhases = (
				ECC0E0D42AAEBCEB0033847F /* Sources */,
				ECC0E0D52AAEBCEB0033847F /* Frameworks */,
				ECC0E0D62AAEBCEB0033847F /* Resources */,
			);
			buildRules = (
			);
			dependencies = (
				ECC0E0DA2AAEBCEB0033847F /* PBXTargetDependency */,
			);
			name = Bu11etBuddies_protoTests;
			productName = Bu11etBuddies_protoTests;
			productReference = ECC0E0D82AAEBCEB0033847F /* Bu11etBuddies_protoTests.xctest */;
			productType = "com.apple.product-type.bundle.unit-test";
		};
		ECC0E0E12AAEBCEB0033847F /* Bu11etBuddies_protoUITests */ = {
			isa = PBXNativeTarget;
			buildConfigurationList = ECC0E0F22AAEBCEB0033847F /* Build configuration list for PBXNativeTarget "Bu11etBuddies_protoUITests" */;
			buildPhases = (
				ECC0E0DE2AAEBCEB0033847F /* Sources */,
				ECC0E0DF2AAEBCEB0033847F /* Frameworks */,
				ECC0E0E02AAEBCEB0033847F /* Resources */,
			);
			buildRules = (
			);
			dependencies = (
				ECC0E0E42AAEBCEB0033847F /* PBXTargetDependency */,
			);
			name = Bu11etBuddies_protoUITests;
			productName = Bu11etBuddies_protoUITests;
			productReference = ECC0E0E22AAEBCEB0033847F /* Bu11etBuddies_protoUITests.xctest */;
			productType = "com.apple.product-type.bundle.ui-testing";
		};
/* End PBXNativeTarget section */

/* Begin PBXProject section */
		ECC0E0BA2AAEBCE80033847F /* Project object */ = {
			isa = PBXProject;
			attributes = {
				BuildIndependentTargetsInParallel = 1;
				LastSwiftUpdateCheck = 1430;
				LastUpgradeCheck = 1430;
				TargetAttributes = {
					ECC0E0C12AAEBCE80033847F = {
						CreatedOnToolsVersion = 14.3.1;
					};
					ECC0E0D72AAEBCEB0033847F = {
						CreatedOnToolsVersion = 14.3.1;
						TestTargetID = ECC0E0C12AAEBCE80033847F;
					};
					ECC0E0E12AAEBCEB0033847F = {
						CreatedOnToolsVersion = 14.3.1;
						TestTargetID = ECC0E0C12AAEBCE80033847F;
					};
				};
			};
			buildConfigurationList = ECC0E0BD2AAEBCE80033847F /* Build configuration list for PBXProject "Bu11etBuddies_proto" */;
			compatibilityVersion = "Xcode 14.0";
			developmentRegion = en;
			hasScannedForEncodings = 0;
			knownRegions = (
				en,
				Base,
			);
			mainGroup = ECC0E0B92AAEBCE80033847F;
			packageReferences = (
				7F9B48C12AAF7C950040F8FE /* XCRemoteSwiftPackageReference "IQKeyboardManager" */,
				7F9B48CD2AAFFF090040F8FE /* XCRemoteSwiftPackageReference "firebase-ios-sdk" */,
				7F9B48D82AB075D60040F8FE /* XCRemoteSwiftPackageReference "Kingfisher" */,
			);
			productRefGroup = ECC0E0C32AAEBCE80033847F /* Products */;
			projectDirPath = "";
			projectRoot = "";
			targets = (
				ECC0E0C12AAEBCE80033847F /* Bu11etBuddies_proto */,
				ECC0E0D72AAEBCEB0033847F /* Bu11etBuddies_protoTests */,
				ECC0E0E12AAEBCEB0033847F /* Bu11etBuddies_protoUITests */,
			);
		};
/* End PBXProject section */

/* Begin PBXResourcesBuildPhase section */
		ECC0E0C02AAEBCE80033847F /* Resources */ = {
			isa = PBXResourcesBuildPhase;
			buildActionMask = 2147483647;
			files = (
				7FE03C152AB5305D007828E2 /* 銃痕2_smg.mp4 in Resources */,
				7FE03C092AB44395007828E2 /* ショットガン発射.mp3 in Resources */,
				ECC0E0D22AAEBCEB0033847F /* LaunchScreen.storyboard in Resources */,
				7FBEC3572AB59F1E001B9FED /* 門を開ける.mp3 in Resources */,
				7FE03C052AB421BC007828E2 /* Come_On.mp3 in Resources */,
				7F9B48C52AAFF4270040F8FE /* GoogleService-Info.plist in Resources */,
				7FE03C0B2AB444A5007828E2 /* ショットガンのポンプアクション1.mp3 in Resources */,
				ECC0E0CF2AAEBCEB0033847F /* Assets.xcassets in Resources */,
				ECC0E0CD2AAEBCE80033847F /* Main.storyboard in Resources */,
			);
			runOnlyForDeploymentPostprocessing = 0;
		};
		ECC0E0D62AAEBCEB0033847F /* Resources */ = {
			isa = PBXResourcesBuildPhase;
			buildActionMask = 2147483647;
			files = (
			);
			runOnlyForDeploymentPostprocessing = 0;
		};
		ECC0E0E02AAEBCEB0033847F /* Resources */ = {
			isa = PBXResourcesBuildPhase;
			buildActionMask = 2147483647;
			files = (
			);
			runOnlyForDeploymentPostprocessing = 0;
		};
/* End PBXResourcesBuildPhase section */

/* Begin PBXSourcesBuildPhase section */
		ECC0E0BE2AAEBCE80033847F /* Sources */ = {
			isa = PBXSourcesBuildPhase;
			buildActionMask = 2147483647;
			files = (
				7F9B48B82AAF599F0040F8FE /* PostInfoViewController.swift in Sources */,
				7F9B48DC2AB076960040F8FE /* Contents.swift in Sources */,
				7F9B48BE2AAF5D520040F8FE /* RegisterViewController.swift in Sources */,
				7F9B48BC2AAF5CFF0040F8FE /* OpeningViewController.swift in Sources */,
				ECC0E0CA2AAEBCE80033847F /* ViewController.swift in Sources */,
				ECC0E0C62AAEBCE80033847F /* AppDelegate.swift in Sources */,
				7F9B48C02AAF5DA00040F8FE /* MainScreenViewController.swift in Sources */,
				7F9B48D52AB0755A0040F8FE /* NextViewController.swift in Sources */,
				ECC0E0C82AAEBCE80033847F /* SceneDelegate.swift in Sources */,
				7F9B48B02AAF59250040F8FE /* EditYourWeponViewController.swift in Sources */,
				7F9B48BA2AAF5AF90040F8FE /* EntryViewController.swift in Sources */,
				7F9B48D72AB0758C0040F8FE /* EditAndPostViewController.swift in Sources */,
				7F9B48B42AAF59600040F8FE /* SeachAreaViewController.swift in Sources */,
				7FE03C0D2AB4483C007828E2 /* animeViewController.swift in Sources */,
				7F9B48B22AAF59410040F8FE /* SeachMemberViewController.swift in Sources */,
				ECB74C3A2AB571E00046530F /* showWeponViewController.swift in Sources */,
				7F9B48B62AAF597E0040F8FE /* MakeTeamViewController.swift in Sources */,
			);
			runOnlyForDeploymentPostprocessing = 0;
		};
		ECC0E0D42AAEBCEB0033847F /* Sources */ = {
			isa = PBXSourcesBuildPhase;
			buildActionMask = 2147483647;
			files = (
				ECC0E0DD2AAEBCEB0033847F /* Bu11etBuddies_protoTests.swift in Sources */,
			);
			runOnlyForDeploymentPostprocessing = 0;
		};
		ECC0E0DE2AAEBCEB0033847F /* Sources */ = {
			isa = PBXSourcesBuildPhase;
			buildActionMask = 2147483647;
			files = (
				ECC0E0E92AAEBCEB0033847F /* Bu11etBuddies_protoUITestsLaunchTests.swift in Sources */,
				ECC0E0E72AAEBCEB0033847F /* Bu11etBuddies_protoUITests.swift in Sources */,
			);
			runOnlyForDeploymentPostprocessing = 0;
		};
/* End PBXSourcesBuildPhase section */

/* Begin PBXTargetDependency section */
		ECC0E0DA2AAEBCEB0033847F /* PBXTargetDependency */ = {
			isa = PBXTargetDependency;
			target = ECC0E0C12AAEBCE80033847F /* Bu11etBuddies_proto */;
			targetProxy = ECC0E0D92AAEBCEB0033847F /* PBXContainerItemProxy */;
		};
		ECC0E0E42AAEBCEB0033847F /* PBXTargetDependency */ = {
			isa = PBXTargetDependency;
			target = ECC0E0C12AAEBCE80033847F /* Bu11etBuddies_proto */;
			targetProxy = ECC0E0E32AAEBCEB0033847F /* PBXContainerItemProxy */;
		};
/* End PBXTargetDependency section */

/* Begin PBXVariantGroup section */
		ECC0E0CB2AAEBCE80033847F /* Main.storyboard */ = {
			isa = PBXVariantGroup;
			children = (
				ECC0E0CC2AAEBCE80033847F /* Base */,
			);
			name = Main.storyboard;
			sourceTree = "<group>";
		};
		ECC0E0D02AAEBCEB0033847F /* LaunchScreen.storyboard */ = {
			isa = PBXVariantGroup;
			children = (
				ECC0E0D12AAEBCEB0033847F /* Base */,
			);
			name = LaunchScreen.storyboard;
			sourceTree = "<group>";
		};
/* End PBXVariantGroup section */

/* Begin XCBuildConfiguration section */
		ECC0E0EA2AAEBCEB0033847F /* Debug */ = {
			isa = XCBuildConfiguration;
			buildSettings = {
				ALWAYS_SEARCH_USER_PATHS = NO;
				CLANG_ANALYZER_NONNULL = YES;
				CLANG_ANALYZER_NUMBER_OBJECT_CONVERSION = YES_AGGRESSIVE;
				CLANG_CXX_LANGUAGE_STANDARD = "gnu++20";
				CLANG_ENABLE_MODULES = YES;
				CLANG_ENABLE_OBJC_ARC = YES;
				CLANG_ENABLE_OBJC_WEAK = YES;
				CLANG_WARN_BLOCK_CAPTURE_AUTORELEASING = YES;
				CLANG_WARN_BOOL_CONVERSION = YES;
				CLANG_WARN_COMMA = YES;
				CLANG_WARN_CONSTANT_CONVERSION = YES;
				CLANG_WARN_DEPRECATED_OBJC_IMPLEMENTATIONS = YES;
				CLANG_WARN_DIRECT_OBJC_ISA_USAGE = YES_ERROR;
				CLANG_WARN_DOCUMENTATION_COMMENTS = YES;
				CLANG_WARN_EMPTY_BODY = YES;
				CLANG_WARN_ENUM_CONVERSION = YES;
				CLANG_WARN_INFINITE_RECURSION = YES;
				CLANG_WARN_INT_CONVERSION = YES;
				CLANG_WARN_NON_LITERAL_NULL_CONVERSION = YES;
				CLANG_WARN_OBJC_IMPLICIT_RETAIN_SELF = YES;
				CLANG_WARN_OBJC_LITERAL_CONVERSION = YES;
				CLANG_WARN_OBJC_ROOT_CLASS = YES_ERROR;
				CLANG_WARN_QUOTED_INCLUDE_IN_FRAMEWORK_HEADER = YES;
				CLANG_WARN_RANGE_LOOP_ANALYSIS = YES;
				CLANG_WARN_STRICT_PROTOTYPES = YES;
				CLANG_WARN_SUSPICIOUS_MOVE = YES;
				CLANG_WARN_UNGUARDED_AVAILABILITY = YES_AGGRESSIVE;
				CLANG_WARN_UNREACHABLE_CODE = YES;
				CLANG_WARN__DUPLICATE_METHOD_MATCH = YES;
				COPY_PHASE_STRIP = NO;
				DEBUG_INFORMATION_FORMAT = dwarf;
				ENABLE_STRICT_OBJC_MSGSEND = YES;
				ENABLE_TESTABILITY = YES;
				GCC_C_LANGUAGE_STANDARD = gnu11;
				GCC_DYNAMIC_NO_PIC = NO;
				GCC_NO_COMMON_BLOCKS = YES;
				GCC_OPTIMIZATION_LEVEL = 0;
				GCC_PREPROCESSOR_DEFINITIONS = (
					"DEBUG=1",
					"$(inherited)",
				);
				GCC_WARN_64_TO_32_BIT_CONVERSION = YES;
				GCC_WARN_ABOUT_RETURN_TYPE = YES_ERROR;
				GCC_WARN_UNDECLARED_SELECTOR = YES;
				GCC_WARN_UNINITIALIZED_AUTOS = YES_AGGRESSIVE;
				GCC_WARN_UNUSED_FUNCTION = YES;
				GCC_WARN_UNUSED_VARIABLE = YES;
				IPHONEOS_DEPLOYMENT_TARGET = 16.4;
				MTL_ENABLE_DEBUG_INFO = INCLUDE_SOURCE;
				MTL_FAST_MATH = YES;
				ONLY_ACTIVE_ARCH = YES;
				SDKROOT = iphoneos;
				SWIFT_ACTIVE_COMPILATION_CONDITIONS = DEBUG;
				SWIFT_OPTIMIZATION_LEVEL = "-Onone";
			};
			name = Debug;
		};
		ECC0E0EB2AAEBCEB0033847F /* Release */ = {
			isa = XCBuildConfiguration;
			buildSettings = {
				ALWAYS_SEARCH_USER_PATHS = NO;
				CLANG_ANALYZER_NONNULL = YES;
				CLANG_ANALYZER_NUMBER_OBJECT_CONVERSION = YES_AGGRESSIVE;
				CLANG_CXX_LANGUAGE_STANDARD = "gnu++20";
				CLANG_ENABLE_MODULES = YES;
				CLANG_ENABLE_OBJC_ARC = YES;
				CLANG_ENABLE_OBJC_WEAK = YES;
				CLANG_WARN_BLOCK_CAPTURE_AUTORELEASING = YES;
				CLANG_WARN_BOOL_CONVERSION = YES;
				CLANG_WARN_COMMA = YES;
				CLANG_WARN_CONSTANT_CONVERSION = YES;
				CLANG_WARN_DEPRECATED_OBJC_IMPLEMENTATIONS = YES;
				CLANG_WARN_DIRECT_OBJC_ISA_USAGE = YES_ERROR;
				CLANG_WARN_DOCUMENTATION_COMMENTS = YES;
				CLANG_WARN_EMPTY_BODY = YES;
				CLANG_WARN_ENUM_CONVERSION = YES;
				CLANG_WARN_INFINITE_RECURSION = YES;
				CLANG_WARN_INT_CONVERSION = YES;
				CLANG_WARN_NON_LITERAL_NULL_CONVERSION = YES;
				CLANG_WARN_OBJC_IMPLICIT_RETAIN_SELF = YES;
				CLANG_WARN_OBJC_LITERAL_CONVERSION = YES;
				CLANG_WARN_OBJC_ROOT_CLASS = YES_ERROR;
				CLANG_WARN_QUOTED_INCLUDE_IN_FRAMEWORK_HEADER = YES;
				CLANG_WARN_RANGE_LOOP_ANALYSIS = YES;
				CLANG_WARN_STRICT_PROTOTYPES = YES;
				CLANG_WARN_SUSPICIOUS_MOVE = YES;
				CLANG_WARN_UNGUARDED_AVAILABILITY = YES_AGGRESSIVE;
				CLANG_WARN_UNREACHABLE_CODE = YES;
				CLANG_WARN__DUPLICATE_METHOD_MATCH = YES;
				COPY_PHASE_STRIP = NO;
				DEBUG_INFORMATION_FORMAT = "dwarf-with-dsym";
				ENABLE_NS_ASSERTIONS = NO;
				ENABLE_STRICT_OBJC_MSGSEND = YES;
				GCC_C_LANGUAGE_STANDARD = gnu11;
				GCC_NO_COMMON_BLOCKS = YES;
				GCC_WARN_64_TO_32_BIT_CONVERSION = YES;
				GCC_WARN_ABOUT_RETURN_TYPE = YES_ERROR;
				GCC_WARN_UNDECLARED_SELECTOR = YES;
				GCC_WARN_UNINITIALIZED_AUTOS = YES_AGGRESSIVE;
				GCC_WARN_UNUSED_FUNCTION = YES;
				GCC_WARN_UNUSED_VARIABLE = YES;
				IPHONEOS_DEPLOYMENT_TARGET = 16.4;
				MTL_ENABLE_DEBUG_INFO = NO;
				MTL_FAST_MATH = YES;
				SDKROOT = iphoneos;
				SWIFT_COMPILATION_MODE = wholemodule;
				SWIFT_OPTIMIZATION_LEVEL = "-O";
				VALIDATE_PRODUCT = YES;
			};
			name = Release;
		};
		ECC0E0ED2AAEBCEB0033847F /* Debug */ = {
			isa = XCBuildConfiguration;
			buildSettings = {
				ASSETCATALOG_COMPILER_APPICON_NAME = AppIcon;
				ASSETCATALOG_COMPILER_GLOBAL_ACCENT_COLOR_NAME = AccentColor;
				CODE_SIGN_STYLE = Automatic;
				CURRENT_PROJECT_VERSION = 1;
				DEVELOPMENT_TEAM = Y9B2R47TKW;
				GENERATE_INFOPLIST_FILE = YES;
				INFOPLIST_FILE = Bu11etBuddies_proto/Info.plist;
				INFOPLIST_KEY_CFBundleDisplayName = Bu11etBuddy;
				INFOPLIST_KEY_NSCameraUsageDescription = "このアプリではカメラを写真撮影に使います";
				INFOPLIST_KEY_NSLocationAlwaysAndWhenInUseUsageDescription = "このアプリでは位置情報を使います。";
				INFOPLIST_KEY_NSLocationAlwaysUsageDescription = "このアプリでは位置情報を使います。";
				INFOPLIST_KEY_NSLocationUsageDescription = "このアプリでは位置情報を使います。";
				INFOPLIST_KEY_NSLocationWhenInUseUsageDescription = "このアプリでは位置情報を使います。";
				INFOPLIST_KEY_NSPhotoLibraryUsageDescription = "このアプリではアルバムの写真を使います";
				INFOPLIST_KEY_UIApplicationSupportsIndirectInputEvents = YES;
				INFOPLIST_KEY_UILaunchStoryboardName = LaunchScreen;
				INFOPLIST_KEY_UIMainStoryboardFile = Main;
				INFOPLIST_KEY_UISupportedInterfaceOrientations_iPad = "UIInterfaceOrientationPortrait UIInterfaceOrientationPortraitUpsideDown UIInterfaceOrientationLandscapeLeft UIInterfaceOrientationLandscapeRight";
				INFOPLIST_KEY_UISupportedInterfaceOrientations_iPhone = "UIInterfaceOrientationPortrait UIInterfaceOrientationLandscapeLeft UIInterfaceOrientationLandscapeRight";
				LD_RUNPATH_SEARCH_PATHS = (
					"$(inherited)",
					"@executable_path/Frameworks",
				);
				MARKETING_VERSION = 1.0;
				PRODUCT_BUNDLE_IDENTIFIER = "com.secondlife.Bu11etBuddies-proto";
				PRODUCT_NAME = "$(TARGET_NAME)";
				SWIFT_EMIT_LOC_STRINGS = YES;
				SWIFT_VERSION = 5.0;
				TARGETED_DEVICE_FAMILY = "1,2";
			};
			name = Debug;
		};
		ECC0E0EE2AAEBCEB0033847F /* Release */ = {
			isa = XCBuildConfiguration;
			buildSettings = {
				ASSETCATALOG_COMPILER_APPICON_NAME = AppIcon;
				ASSETCATALOG_COMPILER_GLOBAL_ACCENT_COLOR_NAME = AccentColor;
				CODE_SIGN_STYLE = Automatic;
				CURRENT_PROJECT_VERSION = 1;
				DEVELOPMENT_TEAM = Y9B2R47TKW;
				GENERATE_INFOPLIST_FILE = YES;
				INFOPLIST_FILE = Bu11etBuddies_proto/Info.plist;
				INFOPLIST_KEY_CFBundleDisplayName = Bu11etBuddy;
				INFOPLIST_KEY_NSCameraUsageDescription = "このアプリではカメラを写真撮影に使います";
				INFOPLIST_KEY_NSLocationAlwaysAndWhenInUseUsageDescription = "このアプリでは位置情報を使います。";
				INFOPLIST_KEY_NSLocationAlwaysUsageDescription = "このアプリでは位置情報を使います。";
				INFOPLIST_KEY_NSLocationUsageDescription = "このアプリでは位置情報を使います。";
				INFOPLIST_KEY_NSLocationWhenInUseUsageDescription = "このアプリでは位置情報を使います。";
				INFOPLIST_KEY_NSPhotoLibraryUsageDescription = "このアプリではアルバムの写真を使います";
				INFOPLIST_KEY_UIApplicationSupportsIndirectInputEvents = YES;
				INFOPLIST_KEY_UILaunchStoryboardName = LaunchScreen;
				INFOPLIST_KEY_UIMainStoryboardFile = Main;
				INFOPLIST_KEY_UISupportedInterfaceOrientations_iPad = "UIInterfaceOrientationPortrait UIInterfaceOrientationPortraitUpsideDown UIInterfaceOrientationLandscapeLeft UIInterfaceOrientationLandscapeRight";
				INFOPLIST_KEY_UISupportedInterfaceOrientations_iPhone = "UIInterfaceOrientationPortrait UIInterfaceOrientationLandscapeLeft UIInterfaceOrientationLandscapeRight";
				LD_RUNPATH_SEARCH_PATHS = (
					"$(inherited)",
					"@executable_path/Frameworks",
				);
				MARKETING_VERSION = 1.0;
				PRODUCT_BUNDLE_IDENTIFIER = "com.secondlife.Bu11etBuddies-proto";
				PRODUCT_NAME = "$(TARGET_NAME)";
				SWIFT_EMIT_LOC_STRINGS = YES;
				SWIFT_VERSION = 5.0;
				TARGETED_DEVICE_FAMILY = "1,2";
			};
			name = Release;
		};
		ECC0E0F02AAEBCEB0033847F /* Debug */ = {
			isa = XCBuildConfiguration;
			buildSettings = {
				ALWAYS_EMBED_SWIFT_STANDARD_LIBRARIES = YES;
				BUNDLE_LOADER = "$(TEST_HOST)";
				CODE_SIGN_STYLE = Automatic;
				CURRENT_PROJECT_VERSION = 1;
				DEVELOPMENT_TEAM = 8S8ZDN8Y6U;
				GENERATE_INFOPLIST_FILE = YES;
				IPHONEOS_DEPLOYMENT_TARGET = 16.4;
				MARKETING_VERSION = 1.0;
				PRODUCT_BUNDLE_IDENTIFIER = "com.secondlife.Bu11etBuddies-protoTests";
				PRODUCT_NAME = "$(TARGET_NAME)";
				SWIFT_EMIT_LOC_STRINGS = NO;
				SWIFT_VERSION = 5.0;
				TARGETED_DEVICE_FAMILY = "1,2";
				TEST_HOST = "$(BUILT_PRODUCTS_DIR)/Bu11etBuddies_proto.app/$(BUNDLE_EXECUTABLE_FOLDER_PATH)/Bu11etBuddies_proto";
			};
			name = Debug;
		};
		ECC0E0F12AAEBCEB0033847F /* Release */ = {
			isa = XCBuildConfiguration;
			buildSettings = {
				ALWAYS_EMBED_SWIFT_STANDARD_LIBRARIES = YES;
				BUNDLE_LOADER = "$(TEST_HOST)";
				CODE_SIGN_STYLE = Automatic;
				CURRENT_PROJECT_VERSION = 1;
				DEVELOPMENT_TEAM = 8S8ZDN8Y6U;
				GENERATE_INFOPLIST_FILE = YES;
				IPHONEOS_DEPLOYMENT_TARGET = 16.4;
				MARKETING_VERSION = 1.0;
				PRODUCT_BUNDLE_IDENTIFIER = "com.secondlife.Bu11etBuddies-protoTests";
				PRODUCT_NAME = "$(TARGET_NAME)";
				SWIFT_EMIT_LOC_STRINGS = NO;
				SWIFT_VERSION = 5.0;
				TARGETED_DEVICE_FAMILY = "1,2";
				TEST_HOST = "$(BUILT_PRODUCTS_DIR)/Bu11etBuddies_proto.app/$(BUNDLE_EXECUTABLE_FOLDER_PATH)/Bu11etBuddies_proto";
			};
			name = Release;
		};
		ECC0E0F32AAEBCEB0033847F /* Debug */ = {
			isa = XCBuildConfiguration;
			buildSettings = {
				ALWAYS_EMBED_SWIFT_STANDARD_LIBRARIES = YES;
				CODE_SIGN_STYLE = Automatic;
				CURRENT_PROJECT_VERSION = 1;
				DEVELOPMENT_TEAM = 8S8ZDN8Y6U;
				GENERATE_INFOPLIST_FILE = YES;
				MARKETING_VERSION = 1.0;
				PRODUCT_BUNDLE_IDENTIFIER = "com.secondlife.Bu11etBuddies-protoUITests";
				PRODUCT_NAME = "$(TARGET_NAME)";
				SWIFT_EMIT_LOC_STRINGS = NO;
				SWIFT_VERSION = 5.0;
				TARGETED_DEVICE_FAMILY = "1,2";
				TEST_TARGET_NAME = Bu11etBuddies_proto;
			};
			name = Debug;
		};
		ECC0E0F42AAEBCEB0033847F /* Release */ = {
			isa = XCBuildConfiguration;
			buildSettings = {
				ALWAYS_EMBED_SWIFT_STANDARD_LIBRARIES = YES;
				CODE_SIGN_STYLE = Automatic;
				CURRENT_PROJECT_VERSION = 1;
				DEVELOPMENT_TEAM = 8S8ZDN8Y6U;
				GENERATE_INFOPLIST_FILE = YES;
				MARKETING_VERSION = 1.0;
				PRODUCT_BUNDLE_IDENTIFIER = "com.secondlife.Bu11etBuddies-protoUITests";
				PRODUCT_NAME = "$(TARGET_NAME)";
				SWIFT_EMIT_LOC_STRINGS = NO;
				SWIFT_VERSION = 5.0;
				TARGETED_DEVICE_FAMILY = "1,2";
				TEST_TARGET_NAME = Bu11etBuddies_proto;
			};
			name = Release;
		};
/* End XCBuildConfiguration section */

/* Begin XCConfigurationList section */
		ECC0E0BD2AAEBCE80033847F /* Build configuration list for PBXProject "Bu11etBuddies_proto" */ = {
			isa = XCConfigurationList;
			buildConfigurations = (
				ECC0E0EA2AAEBCEB0033847F /* Debug */,
				ECC0E0EB2AAEBCEB0033847F /* Release */,
			);
			defaultConfigurationIsVisible = 0;
			defaultConfigurationName = Release;
		};
		ECC0E0EC2AAEBCEB0033847F /* Build configuration list for PBXNativeTarget "Bu11etBuddies_proto" */ = {
			isa = XCConfigurationList;
			buildConfigurations = (
				ECC0E0ED2AAEBCEB0033847F /* Debug */,
				ECC0E0EE2AAEBCEB0033847F /* Release */,
			);
			defaultConfigurationIsVisible = 0;
			defaultConfigurationName = Release;
		};
		ECC0E0EF2AAEBCEB0033847F /* Build configuration list for PBXNativeTarget "Bu11etBuddies_protoTests" */ = {
			isa = XCConfigurationList;
			buildConfigurations = (
				ECC0E0F02AAEBCEB0033847F /* Debug */,
				ECC0E0F12AAEBCEB0033847F /* Release */,
			);
			defaultConfigurationIsVisible = 0;
			defaultConfigurationName = Release;
		};
		ECC0E0F22AAEBCEB0033847F /* Build configuration list for PBXNativeTarget "Bu11etBuddies_protoUITests" */ = {
			isa = XCConfigurationList;
			buildConfigurations = (
				ECC0E0F32AAEBCEB0033847F /* Debug */,
				ECC0E0F42AAEBCEB0033847F /* Release */,
			);
			defaultConfigurationIsVisible = 0;
			defaultConfigurationName = Release;
		};
/* End XCConfigurationList section */

/* Begin XCRemoteSwiftPackageReference section */
		7F9B48C12AAF7C950040F8FE /* XCRemoteSwiftPackageReference "IQKeyboardManager" */ = {
			isa = XCRemoteSwiftPackageReference;
			repositoryURL = "https://github.com/hackiftekhar/IQKeyboardManager.git";
			requirement = {
				kind = upToNextMajorVersion;
				minimumVersion = 6.0.0;
			};
		};
		7F9B48CD2AAFFF090040F8FE /* XCRemoteSwiftPackageReference "firebase-ios-sdk" */ = {
			isa = XCRemoteSwiftPackageReference;
			repositoryURL = "https://github.com/firebase/firebase-ios-sdk.git";
			requirement = {
				kind = upToNextMajorVersion;
				minimumVersion = 10.0.0;
			};
		};
		7F9B48D82AB075D60040F8FE /* XCRemoteSwiftPackageReference "Kingfisher" */ = {
			isa = XCRemoteSwiftPackageReference;
			repositoryURL = "https://github.com/onevcat/Kingfisher.git";
			requirement = {
				kind = upToNextMajorVersion;
				minimumVersion = 7.0.0;
			};
		};
/* End XCRemoteSwiftPackageReference section */

/* Begin XCSwiftPackageProductDependency section */
		7F9B48C22AAF7C950040F8FE /* IQKeyboardManagerSwift */ = {
			isa = XCSwiftPackageProductDependency;
			package = 7F9B48C12AAF7C950040F8FE /* XCRemoteSwiftPackageReference "IQKeyboardManager" */;
			productName = IQKeyboardManagerSwift;
		};
		7F9B48CE2AAFFF090040F8FE /* FirebaseAuth */ = {
			isa = XCSwiftPackageProductDependency;
			package = 7F9B48CD2AAFFF090040F8FE /* XCRemoteSwiftPackageReference "firebase-ios-sdk" */;
			productName = FirebaseAuth;
		};
		7F9B48D02AAFFF090040F8FE /* FirebaseDatabase */ = {
			isa = XCSwiftPackageProductDependency;
			package = 7F9B48CD2AAFFF090040F8FE /* XCRemoteSwiftPackageReference "firebase-ios-sdk" */;
			productName = FirebaseDatabase;
		};
		7F9B48D22AAFFF090040F8FE /* FirebaseStorage */ = {
			isa = XCSwiftPackageProductDependency;
			package = 7F9B48CD2AAFFF090040F8FE /* XCRemoteSwiftPackageReference "firebase-ios-sdk" */;
			productName = FirebaseStorage;
		};
		7F9B48D92AB075D60040F8FE /* Kingfisher */ = {
			isa = XCSwiftPackageProductDependency;
			package = 7F9B48D82AB075D60040F8FE /* XCRemoteSwiftPackageReference "Kingfisher" */;
			productName = Kingfisher;
		};
/* End XCSwiftPackageProductDependency section */
	};
	rootObject = ECC0E0BA2AAEBCE80033847F /* Project object */;
}
